
Microsoft Visual Studio Solution File, Format Version 12.00
# Visual Studio 2012
VisualStudioVersion = 12.0.30723.0
MinimumVisualStudioVersion = 10.0.40219.1
Project("{f2a71f9b-5d33-465a-a702-920d77279786}") = "FunScript.HTML", "main\FunScript.HTML.fsproj", "{E9E790B5-4CF7-4529-B66F-EADDA82BD690}"
EndProject
Project("{f2a71f9b-5d33-465a-a702-920d77279786}") = "FunScript.HTML.Samples", "samples\FunScript.HTML.Samples.fsproj", "{3E1D45FE-3FF0-43E7-A679-1C23E5FFAB69}"
EndProject
Global
	GlobalSection(SolutionConfigurationPlatforms) = preSolution
		Debug|Any CPU = Debug|Any CPU
		Release|Any CPU = Release|Any CPU
	EndGlobalSection
	GlobalSection(ProjectConfigurationPlatforms) = postSolution
		{3E1D45FE-3FF0-43E7-A679-1C23E5FFAB69}.Debug|Any CPU.ActiveCfg = Debug|Any CPU
		{3E1D45FE-3FF0-43E7-A679-1C23E5FFAB69}.Debug|Any CPU.Build.0 = Debug|Any CPU
		{3E1D45FE-3FF0-43E7-A679-1C23E5FFAB69}.Release|Any CPU.ActiveCfg = Release|Any CPU
		{3E1D45FE-3FF0-43E7-A679-1C23E5FFAB69}.Release|Any CPU.Build.0 = Release|Any CPU
		{E9E790B5-4CF7-4529-B66F-EADDA82BD690}.Debug|Any CPU.ActiveCfg = Debug|Any CPU
		{E9E790B5-4CF7-4529-B66F-EADDA82BD690}.Debug|Any CPU.Build.0 = Debug|Any CPU
		{E9E790B5-4CF7-4529-B66F-EADDA82BD690}.Release|Any CPU.ActiveCfg = Release|Any CPU
		{E9E790B5-4CF7-4529-B66F-EADDA82BD690}.Release|Any CPU.Build.0 = Release|Any CPU
	EndGlobalSection
	GlobalSection(MonoDevelopProperties) = preSolution
		StartupItem = samples\FunScript.HTML.Samples.fsproj
	EndGlobalSection
	GlobalSection(SolutionProperties) = preSolution
		HideSolutionNode = FALSE
	EndGlobalSection
EndGlobal
